
Microsoft Visual Studio Solution File, Format Version 12.00
# Visual Studio Version 16
VisualStudioVersion = 16.0.31205.134
MinimumVisualStudioVersion = 15.0.28307.168
Project("{FAE04EC0-301F-11D3-BF4B-00C04F79EFBC}") = "LateBindingGui", "LateBindingGui\LateBindingGui.csproj", "{52CE03D1-62AD-4FF9-9BD5-A8310D877A4C}"
EndProject
Project("{FAE04EC0-301F-11D3-BF4B-00C04F79EFBC}") = "CodeGenerator.ComponentAnalyzer", "CodeGenerator.ComponentAnalyzer\CodeGenerator.ComponentAnalyzer.csproj", "{CA3E99F4-3630-44E6-ACD1-D9D63E7E09E8}"
EndProject
Project("{FAE04EC0-301F-11D3-BF4B-00C04F79EFBC}") = "CodeGenerator.CSharp", "CodeGenerator.CSharp\CodeGenerator.CSharp.csproj", "{C11EDD01-1D48-4DAA-A1A5-BB062EC202E4}"
EndProject
Project("{FAE04EC0-301F-11D3-BF4B-00C04F79EFBC}") = "CodeGenerator.Documentation", "CodeGenerator.Documentation\CodeGenerator.Documentation.csproj", "{AF4B9AAC-9EAE-4DD4-A0F7-FABE2AE13358}"
EndProject
Project("{FAE04EC0-301F-11D3-BF4B-00C04F79EFBC}") = "NetOffice", "NetOffice\NetOffice.csproj", "{65442327-D01F-4ECB-8C39-6D5C7622A80F}"
EndProject
Project("{FAE04EC0-301F-11D3-BF4B-00C04F79EFBC}") = "CodeGen", "CodeGen\CodeGen.csproj", "{CA36751E-5D27-4F85-B113-F15AAF0ACB74}"
EndProject
Project("{2150E333-8FDC-42A3-9474-1A3956D46DE8}") = "tools", "tools", "{018340BA-CCF3-496A-B44B-89B7C89F1063}"
EndProject
Project("{9A19103F-16F7-4668-BE54-9A1E7A4F7556}") = "DataSplitter", "DataSplitter\DataSplitter.csproj", "{C68EA9B4-2C5A-4529-A7A3-6BA4ABC5A799}"
EndProject
Project("{2150E333-8FDC-42A3-9474-1A3956D46DE8}") = "tests", "tests", "{2FFE1566-48DA-44F0-AF34-E41130B467A9}"
EndProject
Project("{FAE04EC0-301F-11D3-BF4B-00C04F79EFBC}") = "NetOfficeVerify", "tests\NetOfficeVerify\NetOfficeVerify.csproj", "{9D5CB3BD-B240-461B-B0C7-0A33961C9AFD}"
EndProject
Global
	GlobalSection(SolutionConfigurationPlatforms) = preSolution
		Debug|Any CPU = Debug|Any CPU
		Release|Any CPU = Release|Any CPU
	EndGlobalSection
	GlobalSection(ProjectConfigurationPlatforms) = postSolution
		{52CE03D1-62AD-4FF9-9BD5-A8310D877A4C}.Debug|Any CPU.ActiveCfg = Debug|Any CPU
		{52CE03D1-62AD-4FF9-9BD5-A8310D877A4C}.Debug|Any CPU.Build.0 = Debug|Any CPU
		{52CE03D1-62AD-4FF9-9BD5-A8310D877A4C}.Release|Any CPU.ActiveCfg = Release|Any CPU
		{52CE03D1-62AD-4FF9-9BD5-A8310D877A4C}.Release|Any CPU.Build.0 = Release|Any CPU
		{CA3E99F4-3630-44E6-ACD1-D9D63E7E09E8}.Debug|Any CPU.ActiveCfg = Debug|Any CPU
		{CA3E99F4-3630-44E6-ACD1-D9D63E7E09E8}.Debug|Any CPU.Build.0 = Debug|Any CPU
		{CA3E99F4-3630-44E6-ACD1-D9D63E7E09E8}.Release|Any CPU.ActiveCfg = Release|Any CPU
		{CA3E99F4-3630-44E6-ACD1-D9D63E7E09E8}.Release|Any CPU.Build.0 = Release|Any CPU
		{C11EDD01-1D48-4DAA-A1A5-BB062EC202E4}.Debug|Any CPU.ActiveCfg = Debug|Any CPU
		{C11EDD01-1D48-4DAA-A1A5-BB062EC202E4}.Debug|Any CPU.Build.0 = Debug|Any CPU
		{C11EDD01-1D48-4DAA-A1A5-BB062EC202E4}.Release|Any CPU.ActiveCfg = Release|Any CPU
		{C11EDD01-1D48-4DAA-A1A5-BB062EC202E4}.Release|Any CPU.Build.0 = Release|Any CPU
		{AF4B9AAC-9EAE-4DD4-A0F7-FABE2AE13358}.Debug|Any CPU.ActiveCfg = Debug|Any CPU
		{AF4B9AAC-9EAE-4DD4-A0F7-FABE2AE13358}.Debug|Any CPU.Build.0 = Debug|Any CPU
		{AF4B9AAC-9EAE-4DD4-A0F7-FABE2AE13358}.Release|Any CPU.ActiveCfg = Release|Any CPU
		{AF4B9AAC-9EAE-4DD4-A0F7-FABE2AE13358}.Release|Any CPU.Build.0 = Release|Any CPU
		{65442327-D01F-4ECB-8C39-6D5C7622A80F}.Debug|Any CPU.ActiveCfg = Debug|Any CPU
		{65442327-D01F-4ECB-8C39-6D5C7622A80F}.Debug|Any CPU.Build.0 = Debug|Any CPU
		{65442327-D01F-4ECB-8C39-6D5C7622A80F}.Release|Any CPU.ActiveCfg = Release|Any CPU
		{65442327-D01F-4ECB-8C39-6D5C7622A80F}.Release|Any CPU.Build.0 = Release|Any CPU
		{CA36751E-5D27-4F85-B113-F15AAF0ACB74}.Debug|Any CPU.ActiveCfg = Debug|Any CPU
		{CA36751E-5D27-4F85-B113-F15AAF0ACB74}.Debug|Any CPU.Build.0 = Debug|Any CPU
		{CA36751E-5D27-4F85-B113-F15AAF0ACB74}.Release|Any CPU.ActiveCfg = Release|Any CPU
		{CA36751E-5D27-4F85-B113-F15AAF0ACB74}.Release|Any CPU.Build.0 = Release|Any CPU
		{C68EA9B4-2C5A-4529-A7A3-6BA4ABC5A799}.Debug|Any CPU.ActiveCfg = Debug|Any CPU
		{C68EA9B4-2C5A-4529-A7A3-6BA4ABC5A799}.Debug|Any CPU.Build.0 = Debug|Any CPU
		{C68EA9B4-2C5A-4529-A7A3-6BA4ABC5A799}.Release|Any CPU.ActiveCfg = Release|Any CPU
		{C68EA9B4-2C5A-4529-A7A3-6BA4ABC5A799}.Release|Any CPU.Build.0 = Release|Any CPU
		{9D5CB3BD-B240-461B-B0C7-0A33961C9AFD}.Debug|Any CPU.ActiveCfg = Debug|Any CPU
		{9D5CB3BD-B240-461B-B0C7-0A33961C9AFD}.Debug|Any CPU.Build.0 = Debug|Any CPU
		{9D5CB3BD-B240-461B-B0C7-0A33961C9AFD}.Release|Any CPU.ActiveCfg = Release|Any CPU
		{9D5CB3BD-B240-461B-B0C7-0A33961C9AFD}.Release|Any CPU.Build.0 = Release|Any CPU
	EndGlobalSection
	GlobalSection(SolutionProperties) = preSolution
		HideSolutionNode = FALSE
	EndGlobalSection
	GlobalSection(NestedProjects) = preSolution
		{C68EA9B4-2C5A-4529-A7A3-6BA4ABC5A799} = {018340BA-CCF3-496A-B44B-89B7C89F1063}
		{9D5CB3BD-B240-461B-B0C7-0A33961C9AFD} = {2FFE1566-48DA-44F0-AF34-E41130B467A9}
	EndGlobalSection
	GlobalSection(ExtensibilityGlobals) = postSolution
		SolutionGuid = {D7AD1630-A68E-436D-96A1-C99C65D81ED9}
		SolutionGuid = {3C9DCCFD-A2B6-40D9-A910-98EED517128A}
	EndGlobalSection
	GlobalSection(CodealikeProperties) = postSolution
		SolutionGuid = b33594cf-1c7b-4712-bfb0-1276a237553e
	EndGlobalSection
EndGlobal
