
Microsoft Visual Studio Solution File, Format Version 10.00
# Visual Studio 2008
Project("{FAE04EC0-301F-11D3-BF4B-00C04F79EFBC}") = "LateBindingApi.Core", "LateBindingApi.Core\LateBindingApi.Core.csproj", "{65442327-D01F-4ECB-8C39-6D5C7622A80F}"
EndProject
Project("{FAE04EC0-301F-11D3-BF4B-00C04F79EFBC}") = "LateBindingApi.CodeGenerator.ComponentAnalyzer", "LateBindingApi.CodeGenerator.ComponentAnalyzer\LateBindingApi.CodeGenerator.ComponentAnalyzer.csproj", "{CA3E99F4-3630-44E6-ACD1-D9D63E7E09E8}"
EndProject
Project("{FAE04EC0-301F-11D3-BF4B-00C04F79EFBC}") = "LateBindingApi.CodeGenerator.CSharp", "LateBindingApi.CodeGenerator.CSharp\LateBindingApi.CodeGenerator.CSharp.csproj", "{C11EDD01-1D48-4DAA-A1A5-BB062EC202E4}"
EndProject
Project("{FAE04EC0-301F-11D3-BF4B-00C04F79EFBC}") = "LateBindingApi.CodeGenerator.WFApplication", "LateBindingApi.CodeGenerator.WFApplication\LateBindingApi.CodeGenerator.WFApplication.csproj", "{52CE03D1-62AD-4FF9-9BD5-A8310D877A4C}"
EndProject
Project("{FAE04EC0-301F-11D3-BF4B-00C04F79EFBC}") = "LateBindingApi.CodeGenerator.Documentation", "LateBindingApi.CodeGenerator.Documentation\LateBindingApi.CodeGenerator.Documentation.csproj", "{AF4B9AAC-9EAE-4DD4-A0F7-FABE2AE13358}"
EndProject
Project("{FAE04EC0-301F-11D3-BF4B-00C04F79EFBC}") = "LateBindingApi.CodeGenerator.VB", "LateBindingApi.CodeGenerator.VB\LateBindingApi.CodeGenerator.VB.csproj", "{999C8E62-C2E3-4D3B-B2EE-C185D1CF1942}"
EndProject
Global
	GlobalSection(SolutionConfigurationPlatforms) = preSolution
		Debug|Any CPU = Debug|Any CPU
		Release|Any CPU = Release|Any CPU
	EndGlobalSection
	GlobalSection(ProjectConfigurationPlatforms) = postSolution
		{65442327-D01F-4ECB-8C39-6D5C7622A80F}.Debug|Any CPU.ActiveCfg = Debug|Any CPU
		{65442327-D01F-4ECB-8C39-6D5C7622A80F}.Debug|Any CPU.Build.0 = Debug|Any CPU
		{65442327-D01F-4ECB-8C39-6D5C7622A80F}.Release|Any CPU.ActiveCfg = Release|Any CPU
		{65442327-D01F-4ECB-8C39-6D5C7622A80F}.Release|Any CPU.Build.0 = Release|Any CPU
		{CA3E99F4-3630-44E6-ACD1-D9D63E7E09E8}.Debug|Any CPU.ActiveCfg = Debug|Any CPU
		{CA3E99F4-3630-44E6-ACD1-D9D63E7E09E8}.Debug|Any CPU.Build.0 = Debug|Any CPU
		{CA3E99F4-3630-44E6-ACD1-D9D63E7E09E8}.Release|Any CPU.ActiveCfg = Release|Any CPU
		{CA3E99F4-3630-44E6-ACD1-D9D63E7E09E8}.Release|Any CPU.Build.0 = Release|Any CPU
		{C11EDD01-1D48-4DAA-A1A5-BB062EC202E4}.Debug|Any CPU.ActiveCfg = Debug|Any CPU
		{C11EDD01-1D48-4DAA-A1A5-BB062EC202E4}.Debug|Any CPU.Build.0 = Debug|Any CPU
		{C11EDD01-1D48-4DAA-A1A5-BB062EC202E4}.Release|Any CPU.ActiveCfg = Release|Any CPU
		{C11EDD01-1D48-4DAA-A1A5-BB062EC202E4}.Release|Any CPU.Build.0 = Release|Any CPU
		{52CE03D1-62AD-4FF9-9BD5-A8310D877A4C}.Debug|Any CPU.ActiveCfg = Debug|Any CPU
		{52CE03D1-62AD-4FF9-9BD5-A8310D877A4C}.Debug|Any CPU.Build.0 = Debug|Any CPU
		{52CE03D1-62AD-4FF9-9BD5-A8310D877A4C}.Release|Any CPU.ActiveCfg = Release|Any CPU
		{52CE03D1-62AD-4FF9-9BD5-A8310D877A4C}.Release|Any CPU.Build.0 = Release|Any CPU
		{AF4B9AAC-9EAE-4DD4-A0F7-FABE2AE13358}.Debug|Any CPU.ActiveCfg = Debug|Any CPU
		{AF4B9AAC-9EAE-4DD4-A0F7-FABE2AE13358}.Debug|Any CPU.Build.0 = Debug|Any CPU
		{AF4B9AAC-9EAE-4DD4-A0F7-FABE2AE13358}.Release|Any CPU.ActiveCfg = Release|Any CPU
		{AF4B9AAC-9EAE-4DD4-A0F7-FABE2AE13358}.Release|Any CPU.Build.0 = Release|Any CPU
		{999C8E62-C2E3-4D3B-B2EE-C185D1CF1942}.Debug|Any CPU.ActiveCfg = Debug|Any CPU
		{999C8E62-C2E3-4D3B-B2EE-C185D1CF1942}.Debug|Any CPU.Build.0 = Debug|Any CPU
		{999C8E62-C2E3-4D3B-B2EE-C185D1CF1942}.Release|Any CPU.ActiveCfg = Release|Any CPU
		{999C8E62-C2E3-4D3B-B2EE-C185D1CF1942}.Release|Any CPU.Build.0 = Release|Any CPU
	EndGlobalSection
	GlobalSection(SolutionProperties) = preSolution
		HideSolutionNode = FALSE
	EndGlobalSection
EndGlobal
